
Microsoft Visual Studio Solution File, Format Version 12.00
# Visual Studio Version 17
VisualStudioVersion = 17.2.32516.85
MinimumVisualStudioVersion = 10.0.40219.1
Project("{9A19103F-16F7-4668-BE54-9A1E7A4F7556}") = "ServiceCenter.View", "ServiceCenter.View\ServiceCenter.View.csproj", "{DB445EB9-2246-4878-A787-33238ED024FD}"
EndProject
Project("{9A19103F-16F7-4668-BE54-9A1E7A4F7556}") = "ServiceCenter.Domain", "ServiceCenter.Domain\ServiceCenter.Domain.csproj", "{160D9E3F-D72A-4481-92F9-084F7B6C3AFA}"
EndProject
Project("{9A19103F-16F7-4668-BE54-9A1E7A4F7556}") = "ServiceCenter.Data", "ServiceCenter.Data\ServiceCenter.Data.csproj", "{D87B0761-45E0-4DBB-928C-3A67139A97D1}"
EndProject
Project("{FAE04EC0-301F-11D3-BF4B-00C04F79EFBC}") = "ServiceCenter.Service", "ServiceCenter.Service\ServiceCenter.Service.csproj", "{C0CCD27C-1229-45EC-8A42-660A55C7D8E9}"
EndProject
Global
	GlobalSection(SolutionConfigurationPlatforms) = preSolution
		Debug|Any CPU = Debug|Any CPU
		Release|Any CPU = Release|Any CPU
	EndGlobalSection
	GlobalSection(ProjectConfigurationPlatforms) = postSolution
		{DB445EB9-2246-4878-A787-33238ED024FD}.Debug|Any CPU.ActiveCfg = Debug|Any CPU
		{DB445EB9-2246-4878-A787-33238ED024FD}.Debug|Any CPU.Build.0 = Debug|Any CPU
		{DB445EB9-2246-4878-A787-33238ED024FD}.Release|Any CPU.ActiveCfg = Release|Any CPU
		{DB445EB9-2246-4878-A787-33238ED024FD}.Release|Any CPU.Build.0 = Release|Any CPU
		{160D9E3F-D72A-4481-92F9-084F7B6C3AFA}.Debug|Any CPU.ActiveCfg = Debug|Any CPU
		{160D9E3F-D72A-4481-92F9-084F7B6C3AFA}.Debug|Any CPU.Build.0 = Debug|Any CPU
		{160D9E3F-D72A-4481-92F9-084F7B6C3AFA}.Release|Any CPU.ActiveCfg = Release|Any CPU
		{160D9E3F-D72A-4481-92F9-084F7B6C3AFA}.Release|Any CPU.Build.0 = Release|Any CPU
		{D87B0761-45E0-4DBB-928C-3A67139A97D1}.Debug|Any CPU.ActiveCfg = Debug|Any CPU
		{D87B0761-45E0-4DBB-928C-3A67139A97D1}.Debug|Any CPU.Build.0 = Debug|Any CPU
		{D87B0761-45E0-4DBB-928C-3A67139A97D1}.Release|Any CPU.ActiveCfg = Release|Any CPU
		{D87B0761-45E0-4DBB-928C-3A67139A97D1}.Release|Any CPU.Build.0 = Release|Any CPU
		{C0CCD27C-1229-45EC-8A42-660A55C7D8E9}.Debug|Any CPU.ActiveCfg = Debug|Any CPU
		{C0CCD27C-1229-45EC-8A42-660A55C7D8E9}.Debug|Any CPU.Build.0 = Debug|Any CPU
		{C0CCD27C-1229-45EC-8A42-660A55C7D8E9}.Release|Any CPU.ActiveCfg = Release|Any CPU
		{C0CCD27C-1229-45EC-8A42-660A55C7D8E9}.Release|Any CPU.Build.0 = Release|Any CPU
	EndGlobalSection
	GlobalSection(SolutionProperties) = preSolution
		HideSolutionNode = FALSE
	EndGlobalSection
	GlobalSection(ExtensibilityGlobals) = postSolution
		SolutionGuid = {68F7EA8E-2FC8-457E-924D-13D8797C620C}
	EndGlobalSection
EndGlobal
